
Microsoft Visual Studio Solution File, Format Version 12.00
# Visual Studio Version 16
VisualStudioVersion = 16.0.29613.14
MinimumVisualStudioVersion = 10.0.40219.1
Project("{FAE04EC0-301F-11D3-BF4B-00C04F79EFBC}") = "Remainders", "Remainders\Remainders.csproj", "{B608C9F5-6150-49D9-A72C-A92D8ADCBB94}"
EndProject
Global
	GlobalSection(SolutionConfigurationPlatforms) = preSolution
		Debug|Any CPU = Debug|Any CPU
		Release|Any CPU = Release|Any CPU
	EndGlobalSection
	GlobalSection(ProjectConfigurationPlatforms) = postSolution
		{B608C9F5-6150-49D9-A72C-A92D8ADCBB94}.Debug|Any CPU.ActiveCfg = Debug|Any CPU
		{B608C9F5-6150-49D9-A72C-A92D8ADCBB94}.Debug|Any CPU.Build.0 = Debug|Any CPU
		{B608C9F5-6150-49D9-A72C-A92D8ADCBB94}.Release|Any CPU.ActiveCfg = Release|Any CPU
		{B608C9F5-6150-49D9-A72C-A92D8ADCBB94}.Release|Any CPU.Build.0 = Release|Any CPU
	EndGlobalSection
	GlobalSection(SolutionProperties) = preSolution
		HideSolutionNode = FALSE
	EndGlobalSection
	GlobalSection(ExtensibilityGlobals) = postSolution
		SolutionGuid = {AE7CD12D-429E-4139-8F7A-4AB6449DCE1F}
	EndGlobalSection
EndGlobal
